
Microsoft Visual Studio Solution File, Format Version 12.00
# Visual Studio Version 16
VisualStudioVersion = 16.0.29411.108
MinimumVisualStudioVersion = 10.0.40219.1
Project("{FAE04EC0-301F-11D3-BF4B-00C04F79EFBC}") = "Number_Recognition", "Number_Recognition.csproj", "{839CED5A-EA1C-40B8-A430-B0AD8B1DF516}"
EndProject
Project("{FAE04EC0-301F-11D3-BF4B-00C04F79EFBC}") = "ConsoleApp1", "..\ConsoleApp1\ConsoleApp1.csproj", "{BA881BF5-CB13-422A-96D2-E6838D56398D}"
EndProject
Global
	GlobalSection(SolutionConfigurationPlatforms) = preSolution
		Debug|Any CPU = Debug|Any CPU
		Release|Any CPU = Release|Any CPU
	EndGlobalSection
	GlobalSection(ProjectConfigurationPlatforms) = postSolution
		{839CED5A-EA1C-40B8-A430-B0AD8B1DF516}.Debug|Any CPU.ActiveCfg = Debug|Any CPU
		{839CED5A-EA1C-40B8-A430-B0AD8B1DF516}.Debug|Any CPU.Build.0 = Debug|Any CPU
		{839CED5A-EA1C-40B8-A430-B0AD8B1DF516}.Release|Any CPU.ActiveCfg = Release|Any CPU
		{839CED5A-EA1C-40B8-A430-B0AD8B1DF516}.Release|Any CPU.Build.0 = Release|Any CPU
		{BA881BF5-CB13-422A-96D2-E6838D56398D}.Debug|Any CPU.ActiveCfg = Debug|Any CPU
		{BA881BF5-CB13-422A-96D2-E6838D56398D}.Debug|Any CPU.Build.0 = Debug|Any CPU
		{BA881BF5-CB13-422A-96D2-E6838D56398D}.Release|Any CPU.ActiveCfg = Release|Any CPU
		{BA881BF5-CB13-422A-96D2-E6838D56398D}.Release|Any CPU.Build.0 = Release|Any CPU
	EndGlobalSection
	GlobalSection(SolutionProperties) = preSolution
		HideSolutionNode = FALSE
	EndGlobalSection
	GlobalSection(ExtensibilityGlobals) = postSolution
		SolutionGuid = {C0AE1A42-9A3B-4D02-BFED-0DD2DBF4FB56}
	EndGlobalSection
EndGlobal
